Microsoft Visual Studio Solution File, Format Version 12.00
# Visual Studio Version 17
VisualStudioVersion = 17.5.2.0
MinimumVisualStudioVersion = 10.0.40219.1
Project("{FAE04EC0-301F-11D3-BF4B-00C04F79EFBC}") = "CalradiaTavern", "CalradiaTavern.csproj", "{A8E21948-FD92-45EF-EA42-81D2036E5E86}"
EndProject
Global
	GlobalSection(SolutionConfigurationPlatforms) = preSolution
		Debug|Any CPU = Debug|Any CPU
		Release|Any CPU = Release|Any CPU
	EndGlobalSection
	GlobalSection(ProjectConfigurationPlatforms) = postSolution
		{A8E21948-FD92-45EF-EA42-81D2036E5E86}.Debug|Any CPU.ActiveCfg = Debug|Any CPU
		{A8E21948-FD92-45EF-EA42-81D2036E5E86}.Debug|Any CPU.Build.0 = Debug|Any CPU
		{A8E21948-FD92-45EF-EA42-81D2036E5E86}.Release|Any CPU.ActiveCfg = Release|Any CPU
		{A8E21948-FD92-45EF-EA42-81D2036E5E86}.Release|Any CPU.Build.0 = Release|Any CPU
	EndGlobalSection
	GlobalSection(SolutionProperties) = preSolution
		HideSolutionNode = FALSE
	EndGlobalSection
	GlobalSection(ExtensibilityGlobals) = postSolution
		SolutionGuid = {81713FFE-5668-469B-BA78-30F8E5676FE8}
	EndGlobalSection
EndGlobal
